# THIS IS AN AUTOGENERATED FILE. DO NOT EDIT THIS FILE DIRECTLY.
# yarn lockfile v1


commander@^6.0.0:
  version "6.0.0"
  resolved "https://registry.yarnpkg.com/commander/-/commander-6.0.0.tgz#2b270da94f8fb9014455312f829a1129dbf8887e"
  integrity sha512-s7EA+hDtTYNhuXkTlhqew4txMZVdszBmKWSPEMxGr8ru8JXR7bLUFIAtPhcSuFdJQ0ILMxnJi8GkQL0yvDy/YA==
